
Microsoft Visual Studio Solution File, Format Version 12.00
# Visual Studio Version 16
VisualStudioVersion = 16.0.31321.278
MinimumVisualStudioVersion = 10.0.40219.1
Project("{E24C65DC-7377-472B-9ABA-BC803B73C61A}") = "VintageRoseCakes", "VintageRoseCakes\", "{24C4A0BD-7AD3-454B-8A29-C78D9CE10638}"
	ProjectSection(WebsiteProperties) = preProject
		TargetFrameworkMoniker = ".NETFramework,Version%3Dv4.7.2"
		Debug.AspNetCompiler.VirtualPath = "/localhost_52474"
		Debug.AspNetCompiler.PhysicalPath = "VintageRoseCakes\"
		Debug.AspNetCompiler.TargetPath = "PrecompiledWeb\localhost_52474\"
		Debug.AspNetCompiler.Updateable = "true"
		Debug.AspNetCompiler.ForceOverwrite = "true"
		Debug.AspNetCompiler.FixedNames = "false"
		Debug.AspNetCompiler.Debug = "True"
		Release.AspNetCompiler.VirtualPath = "/localhost_52474"
		Release.AspNetCompiler.PhysicalPath = "VintageRoseCakes\"
		Release.AspNetCompiler.TargetPath = "PrecompiledWeb\localhost_52474\"
		Release.AspNetCompiler.Updateable = "true"
		Release.AspNetCompiler.ForceOverwrite = "true"
		Release.AspNetCompiler.FixedNames = "false"
		Release.AspNetCompiler.Debug = "False"
		VWDPort = "52474"
		SlnRelativePath = "VintageRoseCakes\"
		DefaultWebSiteLanguage = "Visual C#"
	EndProjectSection
EndProject
Project("{2150E333-8FDC-42A3-9474-1A3956D46DE8}") = "Solution Items", "Solution Items", "{780D512D-4EFD-48A5-8EBC-B8883D73EEA5}"
EndProject
Global
	GlobalSection(SolutionConfigurationPlatforms) = preSolution
		Debug|Any CPU = Debug|Any CPU
	EndGlobalSection
	GlobalSection(ProjectConfigurationPlatforms) = postSolution
		{24C4A0BD-7AD3-454B-8A29-C78D9CE10638}.Debug|Any CPU.ActiveCfg = Debug|Any CPU
		{24C4A0BD-7AD3-454B-8A29-C78D9CE10638}.Debug|Any CPU.Build.0 = Debug|Any CPU
	EndGlobalSection
	GlobalSection(SolutionProperties) = preSolution
		HideSolutionNode = FALSE
	EndGlobalSection
	GlobalSection(ExtensibilityGlobals) = postSolution
		SolutionGuid = {5C2E5D9C-7204-42BA-B379-8936DA22D654}
	EndGlobalSection
EndGlobal
